
Microsoft Visual Studio Solution File, Format Version 12.00
# Visual Studio 14
VisualStudioVersion = 14.0.25123.0
MinimumVisualStudioVersion = 10.0.40219.1
Project("{FAE04EC0-301F-11D3-BF4B-00C04F79EFBC}") = "UserManager", "UserManager\UserManager.csproj", "{73FDD53E-DE71-4DD9-83D9-F3AFE6CA74F7}"
EndProject
Project("{FAE04EC0-301F-11D3-BF4B-00C04F79EFBC}") = "UserManager.DataEntities", "UserManager.DataEntities\UserManager.DataEntities.csproj", "{918F1D0B-903B-4C86-B4A5-88FBC8F03647}"
EndProject
Project("{FAE04EC0-301F-11D3-BF4B-00C04F79EFBC}") = "UserManager.Data", "UserManager.Data\UserManager.Data.csproj", "{B808BBEC-6198-42AC-AAB7-92E8B0768158}"
EndProject
Project("{FAE04EC0-301F-11D3-BF4B-00C04F79EFBC}") = "UserManager.Services", "UserManager.Services\UserManager.Services.csproj", "{5DD557E1-D790-4BD3-837F-3DE55DEF0771}"
EndProject
Global
	GlobalSection(SolutionConfigurationPlatforms) = preSolution
		Debug|Any CPU = Debug|Any CPU
		Release|Any CPU = Release|Any CPU
	EndGlobalSection
	GlobalSection(ProjectConfigurationPlatforms) = postSolution
		{73FDD53E-DE71-4DD9-83D9-F3AFE6CA74F7}.Debug|Any CPU.ActiveCfg = Debug|Any CPU
		{73FDD53E-DE71-4DD9-83D9-F3AFE6CA74F7}.Debug|Any CPU.Build.0 = Debug|Any CPU
		{73FDD53E-DE71-4DD9-83D9-F3AFE6CA74F7}.Release|Any CPU.ActiveCfg = Release|Any CPU
		{73FDD53E-DE71-4DD9-83D9-F3AFE6CA74F7}.Release|Any CPU.Build.0 = Release|Any CPU
		{918F1D0B-903B-4C86-B4A5-88FBC8F03647}.Debug|Any CPU.ActiveCfg = Debug|Any CPU
		{918F1D0B-903B-4C86-B4A5-88FBC8F03647}.Debug|Any CPU.Build.0 = Debug|Any CPU
		{918F1D0B-903B-4C86-B4A5-88FBC8F03647}.Release|Any CPU.ActiveCfg = Release|Any CPU
		{918F1D0B-903B-4C86-B4A5-88FBC8F03647}.Release|Any CPU.Build.0 = Release|Any CPU
		{B808BBEC-6198-42AC-AAB7-92E8B0768158}.Debug|Any CPU.ActiveCfg = Debug|Any CPU
		{B808BBEC-6198-42AC-AAB7-92E8B0768158}.Debug|Any CPU.Build.0 = Debug|Any CPU
		{B808BBEC-6198-42AC-AAB7-92E8B0768158}.Release|Any CPU.ActiveCfg = Release|Any CPU
		{B808BBEC-6198-42AC-AAB7-92E8B0768158}.Release|Any CPU.Build.0 = Release|Any CPU
		{5DD557E1-D790-4BD3-837F-3DE55DEF0771}.Debug|Any CPU.ActiveCfg = Debug|Any CPU
		{5DD557E1-D790-4BD3-837F-3DE55DEF0771}.Debug|Any CPU.Build.0 = Debug|Any CPU
		{5DD557E1-D790-4BD3-837F-3DE55DEF0771}.Release|Any CPU.ActiveCfg = Release|Any CPU
		{5DD557E1-D790-4BD3-837F-3DE55DEF0771}.Release|Any CPU.Build.0 = Release|Any CPU
	EndGlobalSection
	GlobalSection(SolutionProperties) = preSolution
		HideSolutionNode = FALSE
	EndGlobalSection
EndGlobal
